
Microsoft Visual Studio Solution File, Format Version 12.00
Project("{FAE04EC0-301F-11D3-BF4B-00C04F79EFBC}") = "DotRsa", "DotRsa\DotRsa.csproj", "{2465D188-EE84-4E1C-BE95-F3F56D850272}"
EndProject
Global
	GlobalSection(SolutionConfigurationPlatforms) = preSolution
		Debug|Any CPU = Debug|Any CPU
		Release|Any CPU = Release|Any CPU
	EndGlobalSection
	GlobalSection(ProjectConfigurationPlatforms) = postSolution
		{2465D188-EE84-4E1C-BE95-F3F56D850272}.Debug|Any CPU.ActiveCfg = Debug|Any CPU
		{2465D188-EE84-4E1C-BE95-F3F56D850272}.Debug|Any CPU.Build.0 = Debug|Any CPU
		{2465D188-EE84-4E1C-BE95-F3F56D850272}.Release|Any CPU.ActiveCfg = Release|Any CPU
		{2465D188-EE84-4E1C-BE95-F3F56D850272}.Release|Any CPU.Build.0 = Release|Any CPU
	EndGlobalSection
EndGlobal
